
Microsoft Visual Studio Solution File, Format Version 12.00
# Visual Studio Version 17
VisualStudioVersion = 17.13.35931.197 d17.13
MinimumVisualStudioVersion = 10.0.40219.1
Project("{F184B08F-C81C-45F6-A57F-5ABD9991F28F}") = "MyrientWebdavRedirectorV2", "MyrientWebdavRedirectorV2\MyrientWebdavRedirectorV2.vbproj", "{263F785E-22CF-4939-BA80-24F460EC77C6}"
EndProject
Global
	GlobalSection(SolutionConfigurationPlatforms) = preSolution
		Debug|Any CPU = Debug|Any CPU
		Release|Any CPU = Release|Any CPU
	EndGlobalSection
	GlobalSection(ProjectConfigurationPlatforms) = postSolution
		{263F785E-22CF-4939-BA80-24F460EC77C6}.Debug|Any CPU.ActiveCfg = Debug|Any CPU
		{263F785E-22CF-4939-BA80-24F460EC77C6}.Debug|Any CPU.Build.0 = Debug|Any CPU
		{263F785E-22CF-4939-BA80-24F460EC77C6}.Release|Any CPU.ActiveCfg = Release|Any CPU
		{263F785E-22CF-4939-BA80-24F460EC77C6}.Release|Any CPU.Build.0 = Release|Any CPU
	EndGlobalSection
	GlobalSection(SolutionProperties) = preSolution
		HideSolutionNode = FALSE
	EndGlobalSection
	GlobalSection(ExtensibilityGlobals) = postSolution
		SolutionGuid = {F5DEDFD3-1925-47EC-8208-CCA97E707272}
	EndGlobalSection
EndGlobal
